// !$*UTF8*$!
{
	archiveVersion = 1;
	classes = {
	};
	objectVersion = 56;
	objects = {

/* Begin PBXBuildFile section */
		10249121A886AAEF8ABA9EDA /* Pods_BleDemo_BleDemoUITests.framework in Frameworks */ = {isa = PBXBuildFile; fileRef = C634E878E0B16E0F112B7A87 /* Pods_BleDemo_BleDemoUITests.framework */; };
		2497E709292B803D00CBEDAB /* Assets.xcassets in Resources */ = {isa = PBXBuildFile; fileRef = 2497E708292B803D00CBEDAB /* Assets.xcassets */; };
		2497E70C292B803D00CBEDAB /* LaunchScreen.storyboard in Resources */ = {isa = PBXBuildFile; fileRef = 2497E70A292B803D00CBEDAB /* LaunchScreen.storyboard */; };
		2497E719292B803D00CBEDAB /* BleDemoTests.m in Sources */ = {isa = PBXBuildFile; fileRef = 2497E718292B803D00CBEDAB /* BleDemoTests.m */; };
		2497E723292B803D00CBEDAB /* BleDemoUITests.m in Sources */ = {isa = PBXBuildFile; fileRef = 2497E722292B803D00CBEDAB /* BleDemoUITests.m */; };
		2497E725292B803D00CBEDAB /* BleDemoUITestsLaunchTests.m in Sources */ = {isa = PBXBuildFile; fileRef = 2497E724292B803D00CBEDAB /* BleDemoUITestsLaunchTests.m */; };
		249AFC3C2995EB4D009274A1 /* Localizable.strings in Resources */ = {isa = PBXBuildFile; fileRef = 249AFC3E2995EB4D009274A1 /* Localizable.strings */; };
		31EF01BE1B3273DA30D75473 /* Pods_BleDemoTests.framework in Frameworks */ = {isa = PBXBuildFile; fileRef = FE38EA7560C456B328CF3204 /* Pods_BleDemoTests.framework */; };
		B5181ABA29FB9B8C00ACC9AC /* DataTool.m in Sources */ = {isa = PBXBuildFile; fileRef = B5181AB929FB9B8C00ACC9AC /* DataTool.m */; };
		B5181AD229FBC27500ACC9AC /* SceneDelegate.m in Sources */ = {isa = PBXBuildFile; fileRef = B5181ABF29FBC27500ACC9AC /* SceneDelegate.m */; };
		B5181AD329FBC27500ACC9AC /* main.m in Sources */ = {isa = PBXBuildFile; fileRef = B5181AC129FBC27500ACC9AC /* main.m */; };
		B5181AD429FBC27500ACC9AC /* AppDelegate.m in Sources */ = {isa = PBXBuildFile; fileRef = B5181AC229FBC27500ACC9AC /* AppDelegate.m */; };
		B5181AD629FBC27500ACC9AC /* TSPLVC.m in Sources */ = {isa = PBXBuildFile; fileRef = B5181AC829FBC27500ACC9AC /* TSPLVC.m */; };
		B5181AD729FBC27500ACC9AC /* PrinterVC.m in Sources */ = {isa = PBXBuildFile; fileRef = B5181ACA29FBC27500ACC9AC /* PrinterVC.m */; };
		B5181AD829FBC27500ACC9AC /* TSPLVC.xib in Resources */ = {isa = PBXBuildFile; fileRef = B5181ACB29FBC27500ACC9AC /* TSPLVC.xib */; };
		B5181AD929FBC27500ACC9AC /* CPCLVC.m in Sources */ = {isa = PBXBuildFile; fileRef = B5181ACC29FBC27500ACC9AC /* CPCLVC.m */; };
		B5181ADA29FBC27500ACC9AC /* ESCVC.xib in Resources */ = {isa = PBXBuildFile; fileRef = B5181ACD29FBC27500ACC9AC /* ESCVC.xib */; };
		B5181ADB29FBC27500ACC9AC /* BaseVC.m in Sources */ = {isa = PBXBuildFile; fileRef = B5181ACE29FBC27500ACC9AC /* BaseVC.m */; };
		B5181ADC29FBC27500ACC9AC /* ESCVC.m in Sources */ = {isa = PBXBuildFile; fileRef = B5181AD029FBC27500ACC9AC /* ESCVC.m */; };
		B5181ADE29FBC2B300ACC9AC /* CPCLVC.xib in Resources */ = {isa = PBXBuildFile; fileRef = B5181ADD29FBC2B300ACC9AC /* CPCLVC.xib */; };
		B54B85202A14A21C00B32288 /* qmsht.jpg in Resources */ = {isa = PBXBuildFile; fileRef = B54B851F2A14A21B00B32288 /* qmsht.jpg */; };
		B54B85222A14B0B800B32288 /* miandan.jpg in Resources */ = {isa = PBXBuildFile; fileRef = B54B85212A14B0B800B32288 /* miandan.jpg */; };
		B55442D82A132CF600129E53 /* TestA4.jpg in Resources */ = {isa = PBXBuildFile; fileRef = B55442D72A132CF600129E53 /* TestA4.jpg */; };
		B5AD480E29FBFD09006CF1FF /* PrinterVC.xib in Resources */ = {isa = PBXBuildFile; fileRef = B5AD480D29FBFD09006CF1FF /* PrinterVC.xib */; };
		B5AD486229FC1DBA006CF1FF /* appleble.framework in Frameworks */ = {isa = PBXBuildFile; fileRef = B5AD485029FC1D65006CF1FF /* appleble.framework */; };
		B5AD486329FC1DBA006CF1FF /* appleble.framework in Embed Frameworks */ = {isa = PBXBuildFile; fileRef = B5AD485029FC1D65006CF1FF /* appleble.framework */; settings = {ATTRIBUTES = (CodeSignOnCopy, RemoveHeadersOnCopy, ); }; };
		B5AD486429FC1DBA006CF1FF /* cpcl.framework in Frameworks */ = {isa = PBXBuildFile; fileRef = B5AD485129FC1D66006CF1FF /* cpcl.framework */; };
		B5AD486529FC1DBA006CF1FF /* cpcl.framework in Embed Frameworks */ = {isa = PBXBuildFile; fileRef = B5AD485129FC1D66006CF1FF /* cpcl.framework */; settings = {ATTRIBUTES = (CodeSignOnCopy, RemoveHeadersOnCopy, ); }; };
		B5AD486629FC1DBA006CF1FF /* esc.framework in Frameworks */ = {isa = PBXBuildFile; fileRef = B5AD485529FC1D66006CF1FF /* esc.framework */; };
		B5AD486729FC1DBA006CF1FF /* esc.framework in Embed Frameworks */ = {isa = PBXBuildFile; fileRef = B5AD485529FC1D66006CF1FF /* esc.framework */; settings = {ATTRIBUTES = (CodeSignOnCopy, RemoveHeadersOnCopy, ); }; };
		B5AD486829FC1DBA006CF1FF /* father.framework in Frameworks */ = {isa = PBXBuildFile; fileRef = B5AD485329FC1D66006CF1FF /* father.framework */; };
		B5AD486929FC1DBA006CF1FF /* father.framework in Embed Frameworks */ = {isa = PBXBuildFile; fileRef = B5AD485329FC1D66006CF1FF /* father.framework */; settings = {ATTRIBUTES = (CodeSignOnCopy, RemoveHeadersOnCopy, ); }; };
		B5AD486A29FC1DBA006CF1FF /* fsc.framework in Frameworks */ = {isa = PBXBuildFile; fileRef = B5AD485629FC1D66006CF1FF /* fsc.framework */; };
		B5AD486B29FC1DBA006CF1FF /* fsc.framework in Embed Frameworks */ = {isa = PBXBuildFile; fileRef = B5AD485629FC1D66006CF1FF /* fsc.framework */; settings = {ATTRIBUTES = (CodeSignOnCopy, RemoveHeadersOnCopy, ); }; };
		B5AD486C29FC1DBA006CF1FF /* ibridge.framework in Frameworks */ = {isa = PBXBuildFile; fileRef = B5AD485729FC1D66006CF1FF /* ibridge.framework */; };
		B5AD486D29FC1DBA006CF1FF /* ibridge.framework in Embed Frameworks */ = {isa = PBXBuildFile; fileRef = B5AD485729FC1D66006CF1FF /* ibridge.framework */; settings = {ATTRIBUTES = (CodeSignOnCopy, RemoveHeadersOnCopy, ); }; };
		B5AD486E29FC1DBA006CF1FF /* tspl.framework in Frameworks */ = {isa = PBXBuildFile; fileRef = B5AD485229FC1D66006CF1FF /* tspl.framework */; };
		B5AD486F29FC1DBA006CF1FF /* tspl.framework in Embed Frameworks */ = {isa = PBXBuildFile; fileRef = B5AD485229FC1D66006CF1FF /* tspl.framework */; settings = {ATTRIBUTES = (CodeSignOnCopy, RemoveHeadersOnCopy, ); }; };
		B5AD487029FC1DF6006CF1FF /* adapter.framework in Frameworks */ = {isa = PBXBuildFile; fileRef = B5AD485429FC1D66006CF1FF /* adapter.framework */; };
		B5AD487129FC1DF6006CF1FF /* adapter.framework in Embed Frameworks */ = {isa = PBXBuildFile; fileRef = B5AD485429FC1D66006CF1FF /* adapter.framework */; settings = {ATTRIBUTES = (CodeSignOnCopy, RemoveHeadersOnCopy, ); }; };
		B5E340A529EE589C00DBA133 /* unititled.jpg in Resources */ = {isa = PBXBuildFile; fileRef = B5E340A329EE589C00DBA133 /* unititled.jpg */; };
		B5E340A629EE589C00DBA133 /* stamp.jpg in Resources */ = {isa = PBXBuildFile; fileRef = B5E340A429EE589C00DBA133 /* stamp.jpg */; };
		C841D3CA0E2BCFCD2F24DB2D /* Pods_BleDemo.framework in Frameworks */ = {isa = PBXBuildFile; fileRef = 2B6CBC462DBE887235083E45 /* Pods_BleDemo.framework */; };
/* End PBXBuildFile section */

/* Begin PBXContainerItemProxy section */
		2497E715292B803D00CBEDAB /* PBXContainerItemProxy */ = {
			isa = PBXContainerItemProxy;
			containerPortal = 2497E6F1292B803C00CBEDAB /* Project object */;
			proxyType = 1;
			remoteGlobalIDString = 2497E6F8292B803C00CBEDAB;
			remoteInfo = BleDemo;
		};
		2497E71F292B803D00CBEDAB /* PBXContainerItemProxy */ = {
			isa = PBXContainerItemProxy;
			containerPortal = 2497E6F1292B803C00CBEDAB /* Project object */;
			proxyType = 1;
			remoteGlobalIDString = 2497E6F8292B803C00CBEDAB;
			remoteInfo = BleDemo;
		};
/* End PBXContainerItemProxy section */

/* Begin PBXCopyFilesBuildPhase section */
		2497E735292B81E800CBEDAB /* Embed Frameworks */ = {
			isa = PBXCopyFilesBuildPhase;
			buildActionMask = 2147483647;
			dstPath = "";
			dstSubfolderSpec = 10;
			files = (
				B5AD486729FC1DBA006CF1FF /* esc.framework in Embed Frameworks */,
				B5AD486B29FC1DBA006CF1FF /* fsc.framework in Embed Frameworks */,
				B5AD486329FC1DBA006CF1FF /* appleble.framework in Embed Frameworks */,
				B5AD486929FC1DBA006CF1FF /* father.framework in Embed Frameworks */,
				B5AD486F29FC1DBA006CF1FF /* tspl.framework in Embed Frameworks */,
				B5AD486529FC1DBA006CF1FF /* cpcl.framework in Embed Frameworks */,
				B5AD487129FC1DF6006CF1FF /* adapter.framework in Embed Frameworks */,
				B5AD486D29FC1DBA006CF1FF /* ibridge.framework in Embed Frameworks */,
			);
			name = "Embed Frameworks";
			runOnlyForDeploymentPostprocessing = 0;
		};
/* End PBXCopyFilesBuildPhase section */

/* Begin PBXFileReference section */
		2497E6F9292B803C00CBEDAB /* BleDemo.app */ = {isa = PBXFileReference; explicitFileType = wrapper.application; includeInIndex = 0; path = BleDemo.app; sourceTree = BUILT_PRODUCTS_DIR; };
		2497E708292B803D00CBEDAB /* Assets.xcassets */ = {isa = PBXFileReference; lastKnownFileType = folder.assetcatalog; path = Assets.xcassets; sourceTree = "<group>"; };
		2497E70B292B803D00CBEDAB /* Base */ = {isa = PBXFileReference; lastKnownFileType = file.storyboard; name = Base; path = Base.lproj/LaunchScreen.storyboard; sourceTree = "<group>"; };
		2497E70D292B803D00CBEDAB /* Info.plist */ = {isa = PBXFileReference; lastKnownFileType = text.plist.xml; path = Info.plist; sourceTree = "<group>"; };
		2497E714292B803D00CBEDAB /* BleDemoTests.xctest */ = {isa = PBXFileReference; explicitFileType = wrapper.cfbundle; includeInIndex = 0; path = BleDemoTests.xctest; sourceTree = BUILT_PRODUCTS_DIR; };
		2497E718292B803D00CBEDAB /* BleDemoTests.m */ = {isa = PBXFileReference; lastKnownFileType = sourcecode.c.objc; path = BleDemoTests.m; sourceTree = "<group>"; };
		2497E71E292B803D00CBEDAB /* BleDemoUITests.xctest */ = {isa = PBXFileReference; explicitFileType = wrapper.cfbundle; includeInIndex = 0; path = BleDemoUITests.xctest; sourceTree = BUILT_PRODUCTS_DIR; };
		2497E722292B803D00CBEDAB /* BleDemoUITests.m */ = {isa = PBXFileReference; lastKnownFileType = sourcecode.c.objc; path = BleDemoUITests.m; sourceTree = "<group>"; };
		2497E724292B803D00CBEDAB /* BleDemoUITestsLaunchTests.m */ = {isa = PBXFileReference; lastKnownFileType = sourcecode.c.objc; path = BleDemoUITestsLaunchTests.m; sourceTree = "<group>"; };
		249AFC3D2995EB4D009274A1 /* en */ = {isa = PBXFileReference; lastKnownFileType = text.plist.strings; name = en; path = en.lproj/Localizable.strings; sourceTree = "<group>"; };
		249AFC402995ED14009274A1 /* zh-Hans */ = {isa = PBXFileReference; lastKnownFileType = text.plist.strings; name = "zh-Hans"; path = "zh-Hans.lproj/LaunchScreen.strings"; sourceTree = "<group>"; };
		249AFC412995ED14009274A1 /* zh-Hans */ = {isa = PBXFileReference; lastKnownFileType = text.plist.strings; name = "zh-Hans"; path = "zh-Hans.lproj/Localizable.strings"; sourceTree = "<group>"; };
		2B6CBC462DBE887235083E45 /* Pods_BleDemo.framework */ = {isa = PBXFileReference; explicitFileType = wrapper.framework; includeInIndex = 0; path = Pods_BleDemo.framework; sourceTree = BUILT_PRODUCTS_DIR; };
		55B51A26106BEE9F53B6FB51 /* Pods-BleDemo.debug.xcconfig */ = {isa = PBXFileReference; includeInIndex = 1; lastKnownFileType = text.xcconfig; name = "Pods-BleDemo.debug.xcconfig"; path = "Target Support Files/Pods-BleDemo/Pods-BleDemo.debug.xcconfig"; sourceTree = "<group>"; };
		59FF74E2534A798316B1A1A8 /* Pods-BleDemoTests.release.xcconfig */ = {isa = PBXFileReference; includeInIndex = 1; lastKnownFileType = text.xcconfig; name = "Pods-BleDemoTests.release.xcconfig"; path = "Target Support Files/Pods-BleDemoTests/Pods-BleDemoTests.release.xcconfig"; sourceTree = "<group>"; };
		71949CE0055A040B0E6EF8FB /* Pods-BleDemoTests.debug.xcconfig */ = {isa = PBXFileReference; includeInIndex = 1; lastKnownFileType = text.xcconfig; name = "Pods-BleDemoTests.debug.xcconfig"; path = "Target Support Files/Pods-BleDemoTests/Pods-BleDemoTests.debug.xcconfig"; sourceTree = "<group>"; };
		7896798C4CE1968CBF74CAF7 /* Pods-BleDemo-BleDemoUITests.release.xcconfig */ = {isa = PBXFileReference; includeInIndex = 1; lastKnownFileType = text.xcconfig; name = "Pods-BleDemo-BleDemoUITests.release.xcconfig"; path = "Target Support Files/Pods-BleDemo-BleDemoUITests/Pods-BleDemo-BleDemoUITests.release.xcconfig"; sourceTree = "<group>"; };
		7F5146F0F869FC67C4469CA6 /* Pods-BleDemo-BleDemoUITests.debug.xcconfig */ = {isa = PBXFileReference; includeInIndex = 1; lastKnownFileType = text.xcconfig; name = "Pods-BleDemo-BleDemoUITests.debug.xcconfig"; path = "Target Support Files/Pods-BleDemo-BleDemoUITests/Pods-BleDemo-BleDemoUITests.debug.xcconfig"; sourceTree = "<group>"; };
		9C95B9C22A66D9E3127AF965 /* Pods-BleDemo.release.xcconfig */ = {isa = PBXFileReference; includeInIndex = 1; lastKnownFileType = text.xcconfig; name = "Pods-BleDemo.release.xcconfig"; path = "Target Support Files/Pods-BleDemo/Pods-BleDemo.release.xcconfig"; sourceTree = "<group>"; };
		B513A1F22A066405009F194D /* Types.h */ = {isa = PBXFileReference; fileEncoding = 4; lastKnownFileType = sourcecode.c.h; path = Types.h; sourceTree = "<group>"; };
		B5181AB829FB9B8C00ACC9AC /* DataTool.h */ = {isa = PBXFileReference; lastKnownFileType = sourcecode.c.h; path = DataTool.h; sourceTree = "<group>"; };
		B5181AB929FB9B8C00ACC9AC /* DataTool.m */ = {isa = PBXFileReference; lastKnownFileType = sourcecode.c.objc; path = DataTool.m; sourceTree = "<group>"; };
		B5181ABE29FBC27500ACC9AC /* AppDelegate.h */ = {isa = PBXFileReference; fileEncoding = 4; lastKnownFileType = sourcecode.c.h; path = AppDelegate.h; sourceTree = "<group>"; };
		B5181ABF29FBC27500ACC9AC /* SceneDelegate.m */ = {isa = PBXFileReference; fileEncoding = 4; lastKnownFileType = sourcecode.c.objc; path = SceneDelegate.m; sourceTree = "<group>"; };
		B5181AC129FBC27500ACC9AC /* main.m */ = {isa = PBXFileReference; fileEncoding = 4; lastKnownFileType = sourcecode.c.objc; path = main.m; sourceTree = "<group>"; };
		B5181AC229FBC27500ACC9AC /* AppDelegate.m */ = {isa = PBXFileReference; fileEncoding = 4; lastKnownFileType = sourcecode.c.objc; path = AppDelegate.m; sourceTree = "<group>"; };
		B5181AC429FBC27500ACC9AC /* SceneDelegate.h */ = {isa = PBXFileReference; fileEncoding = 4; lastKnownFileType = sourcecode.c.h; path = SceneDelegate.h; sourceTree = "<group>"; };
		B5181AC629FBC27500ACC9AC /* CPCLVC.h */ = {isa = PBXFileReference; fileEncoding = 4; lastKnownFileType = sourcecode.c.h; path = CPCLVC.h; sourceTree = "<group>"; };
		B5181AC729FBC27500ACC9AC /* BaseVC.h */ = {isa = PBXFileReference; fileEncoding = 4; lastKnownFileType = sourcecode.c.h; path = BaseVC.h; sourceTree = "<group>"; };
		B5181AC829FBC27500ACC9AC /* TSPLVC.m */ = {isa = PBXFileReference; fileEncoding = 4; lastKnownFileType = sourcecode.c.objc; path = TSPLVC.m; sourceTree = "<group>"; };
		B5181AC929FBC27500ACC9AC /* ESCVC.h */ = {isa = PBXFileReference; fileEncoding = 4; lastKnownFileType = sourcecode.c.h; path = ESCVC.h; sourceTree = "<group>"; };
		B5181ACA29FBC27500ACC9AC /* PrinterVC.m */ = {isa = PBXFileReference; fileEncoding = 4; lastKnownFileType = sourcecode.c.objc; path = PrinterVC.m; sourceTree = "<group>"; };
		B5181ACB29FBC27500ACC9AC /* TSPLVC.xib */ = {isa = PBXFileReference; fileEncoding = 4; lastKnownFileType = file.xib; path = TSPLVC.xib; sourceTree = "<group>"; };
		B5181ACC29FBC27500ACC9AC /* CPCLVC.m */ = {isa = PBXFileReference; fileEncoding = 4; lastKnownFileType = sourcecode.c.objc; path = CPCLVC.m; sourceTree = "<group>"; };
		B5181ACD29FBC27500ACC9AC /* ESCVC.xib */ = {isa = PBXFileReference; fileEncoding = 4; lastKnownFileType = file.xib; path = ESCVC.xib; sourceTree = "<group>"; };
		B5181ACE29FBC27500ACC9AC /* BaseVC.m */ = {isa = PBXFileReference; fileEncoding = 4; lastKnownFileType = sourcecode.c.objc; path = BaseVC.m; sourceTree = "<group>"; };
		B5181ACF29FBC27500ACC9AC /* TSPLVC.h */ = {isa = PBXFileReference; fileEncoding = 4; lastKnownFileType = sourcecode.c.h; path = TSPLVC.h; sourceTree = "<group>"; };
		B5181AD029FBC27500ACC9AC /* ESCVC.m */ = {isa = PBXFileReference; fileEncoding = 4; lastKnownFileType = sourcecode.c.objc; path = ESCVC.m; sourceTree = "<group>"; };
		B5181AD129FBC27500ACC9AC /* PrinterVC.h */ = {isa = PBXFileReference; fileEncoding = 4; lastKnownFileType = sourcecode.c.h; path = PrinterVC.h; sourceTree = "<group>"; };
		B5181ADD29FBC2B300ACC9AC /* CPCLVC.xib */ = {isa = PBXFileReference; lastKnownFileType = file.xib; path = CPCLVC.xib; sourceTree = "<group>"; };
		B54B851F2A14A21B00B32288 /* qmsht.jpg */ = {isa = PBXFileReference; lastKnownFileType = image.jpeg; path = qmsht.jpg; sourceTree = "<group>"; };
		B54B85212A14B0B800B32288 /* miandan.jpg */ = {isa = PBXFileReference; lastKnownFileType = image.jpeg; path = miandan.jpg; sourceTree = "<group>"; };
		B55442D72A132CF600129E53 /* TestA4.jpg */ = {isa = PBXFileReference; lastKnownFileType = image.jpeg; path = TestA4.jpg; sourceTree = "<group>"; };
		B5AD480D29FBFD09006CF1FF /* PrinterVC.xib */ = {isa = PBXFileReference; lastKnownFileType = file.xib; path = PrinterVC.xib; sourceTree = "<group>"; };
		B5AD485029FC1D65006CF1FF /* appleble.framework */ = {isa = PBXFileReference; lastKnownFileType = wrapper.framework; name = appleble.framework; path = BleDemo/Frameworks/appleble.framework; sourceTree = "<group>"; };
		B5AD485129FC1D66006CF1FF /* cpcl.framework */ = {isa = PBXFileReference; lastKnownFileType = wrapper.framework; name = cpcl.framework; path = BleDemo/Frameworks/cpcl.framework; sourceTree = "<group>"; };
		B5AD485229FC1D66006CF1FF /* tspl.framework */ = {isa = PBXFileReference; lastKnownFileType = wrapper.framework; name = tspl.framework; path = BleDemo/Frameworks/tspl.framework; sourceTree = "<group>"; };
		B5AD485329FC1D66006CF1FF /* father.framework */ = {isa = PBXFileReference; lastKnownFileType = wrapper.framework; name = father.framework; path = BleDemo/Frameworks/father.framework; sourceTree = "<group>"; };
		B5AD485429FC1D66006CF1FF /* adapter.framework */ = {isa = PBXFileReference; lastKnownFileType = wrapper.framework; name = adapter.framework; path = BleDemo/Frameworks/adapter.framework; sourceTree = "<group>"; };
		B5AD485529FC1D66006CF1FF /* esc.framework */ = {isa = PBXFileReference; lastKnownFileType = wrapper.framework; name = esc.framework; path = BleDemo/Frameworks/esc.framework; sourceTree = "<group>"; };
		B5AD485629FC1D66006CF1FF /* fsc.framework */ = {isa = PBXFileReference; lastKnownFileType = wrapper.framework; name = fsc.framework; path = BleDemo/Frameworks/fsc.framework; sourceTree = "<group>"; };
		B5AD485729FC1D66006CF1FF /* ibridge.framework */ = {isa = PBXFileReference; lastKnownFileType = wrapper.framework; name = ibridge.framework; path = BleDemo/Frameworks/ibridge.framework; sourceTree = "<group>"; };
		B5E340A329EE589C00DBA133 /* unititled.jpg */ = {isa = PBXFileReference; lastKnownFileType = image.jpeg; path = unititled.jpg; sourceTree = "<group>"; };
		B5E340A429EE589C00DBA133 /* stamp.jpg */ = {isa = PBXFileReference; lastKnownFileType = image.jpeg; path = stamp.jpg; sourceTree = "<group>"; };
		C634E878E0B16E0F112B7A87 /* Pods_BleDemo_BleDemoUITests.framework */ = {isa = PBXFileReference; explicitFileType = wrapper.framework; includeInIndex = 0; path = Pods_BleDemo_BleDemoUITests.framework; sourceTree = BUILT_PRODUCTS_DIR; };
		FE38EA7560C456B328CF3204 /* Pods_BleDemoTests.framework */ = {isa = PBXFileReference; explicitFileType = wrapper.framework; includeInIndex = 0; path = Pods_BleDemoTests.framework; sourceTree = BUILT_PRODUCTS_DIR; };
/* End PBXFileReference section */

/* Begin PBXFrameworksBuildPhase section */
		2497E6F6292B803C00CBEDAB /* Frameworks */ = {
			isa = PBXFrameworksBuildPhase;
			buildActionMask = 2147483647;
			files = (
				B5AD486429FC1DBA006CF1FF /* cpcl.framework in Frameworks */,
				B5AD486A29FC1DBA006CF1FF /* fsc.framework in Frameworks */,
				B5AD486C29FC1DBA006CF1FF /* ibridge.framework in Frameworks */,
				B5AD486829FC1DBA006CF1FF /* father.framework in Frameworks */,
				B5AD486E29FC1DBA006CF1FF /* tspl.framework in Frameworks */,
				C841D3CA0E2BCFCD2F24DB2D /* Pods_BleDemo.framework in Frameworks */,
				B5AD486229FC1DBA006CF1FF /* appleble.framework in Frameworks */,
				B5AD486629FC1DBA006CF1FF /* esc.framework in Frameworks */,
				B5AD487029FC1DF6006CF1FF /* adapter.framework in Frameworks */,
			);
			runOnlyForDeploymentPostprocessing = 0;
		};
		2497E711292B803D00CBEDAB /* Frameworks */ = {
			isa = PBXFrameworksBuildPhase;
			buildActionMask = 2147483647;
			files = (
				31EF01BE1B3273DA30D75473 /* Pods_BleDemoTests.framework in Frameworks */,
			);
			runOnlyForDeploymentPostprocessing = 0;
		};
		2497E71B292B803D00CBEDAB /* Frameworks */ = {
			isa = PBXFrameworksBuildPhase;
			buildActionMask = 2147483647;
			files = (
				10249121A886AAEF8ABA9EDA /* Pods_BleDemo_BleDemoUITests.framework in Frameworks */,
			);
			runOnlyForDeploymentPostprocessing = 0;
		};
/* End PBXFrameworksBuildPhase section */

/* Begin PBXGroup section */
		2497E6F0292B803C00CBEDAB = {
			isa = PBXGroup;
			children = (
				249AFC3E2995EB4D009274A1 /* Localizable.strings */,
				2497E6FB292B803C00CBEDAB /* BleDemo */,
				2497E717292B803D00CBEDAB /* BleDemoTests */,
				2497E721292B803D00CBEDAB /* BleDemoUITests */,
				2497E6FA292B803C00CBEDAB /* Products */,
				2497E731292B81E700CBEDAB /* Frameworks */,
				44E4AF1F461C63C71B506FB8 /* Pods */,
			);
			sourceTree = "<group>";
		};
		2497E6FA292B803C00CBEDAB /* Products */ = {
			isa = PBXGroup;
			children = (
				2497E6F9292B803C00CBEDAB /* BleDemo.app */,
				2497E714292B803D00CBEDAB /* BleDemoTests.xctest */,
				2497E71E292B803D00CBEDAB /* BleDemoUITests.xctest */,
			);
			name = Products;
			sourceTree = "<group>";
		};
		2497E6FB292B803C00CBEDAB /* BleDemo */ = {
			isa = PBXGroup;
			children = (
				B5181ABD29FBC27500ACC9AC /* Others */,
				B5181AC529FBC27500ACC9AC /* Controllers */,
				B5181AB729FB9B5000ACC9AC /* Tools */,
				B5E340A229EE589C00DBA133 /* Files */,
				2497E708292B803D00CBEDAB /* Assets.xcassets */,
				2497E70A292B803D00CBEDAB /* LaunchScreen.storyboard */,
				2497E70D292B803D00CBEDAB /* Info.plist */,
			);
			path = BleDemo;
			sourceTree = "<group>";
		};
		2497E717292B803D00CBEDAB /* BleDemoTests */ = {
			isa = PBXGroup;
			children = (
				2497E718292B803D00CBEDAB /* BleDemoTests.m */,
			);
			path = BleDemoTests;
			sourceTree = "<group>";
		};
		2497E721292B803D00CBEDAB /* BleDemoUITests */ = {
			isa = PBXGroup;
			children = (
				2497E722292B803D00CBEDAB /* BleDemoUITests.m */,
				2497E724292B803D00CBEDAB /* BleDemoUITestsLaunchTests.m */,
			);
			path = BleDemoUITests;
			sourceTree = "<group>";
		};
		2497E731292B81E700CBEDAB /* Frameworks */ = {
			isa = PBXGroup;
			children = (
				B5AD485429FC1D66006CF1FF /* adapter.framework */,
				B5AD485529FC1D66006CF1FF /* esc.framework */,
				B5AD485329FC1D66006CF1FF /* father.framework */,
				B5AD485629FC1D66006CF1FF /* fsc.framework */,
				B5AD485729FC1D66006CF1FF /* ibridge.framework */,
				B5AD485029FC1D65006CF1FF /* appleble.framework */,
				B5AD485129FC1D66006CF1FF /* cpcl.framework */,
				B5AD485229FC1D66006CF1FF /* tspl.framework */,
				2B6CBC462DBE887235083E45 /* Pods_BleDemo.framework */,
				C634E878E0B16E0F112B7A87 /* Pods_BleDemo_BleDemoUITests.framework */,
				FE38EA7560C456B328CF3204 /* Pods_BleDemoTests.framework */,
			);
			name = Frameworks;
			sourceTree = "<group>";
		};
		44E4AF1F461C63C71B506FB8 /* Pods */ = {
			isa = PBXGroup;
			children = (
				55B51A26106BEE9F53B6FB51 /* Pods-BleDemo.debug.xcconfig */,
				9C95B9C22A66D9E3127AF965 /* Pods-BleDemo.release.xcconfig */,
				7F5146F0F869FC67C4469CA6 /* Pods-BleDemo-BleDemoUITests.debug.xcconfig */,
				7896798C4CE1968CBF74CAF7 /* Pods-BleDemo-BleDemoUITests.release.xcconfig */,
				71949CE0055A040B0E6EF8FB /* Pods-BleDemoTests.debug.xcconfig */,
				59FF74E2534A798316B1A1A8 /* Pods-BleDemoTests.release.xcconfig */,
			);
			path = Pods;
			sourceTree = "<group>";
		};
		B5181AB729FB9B5000ACC9AC /* Tools */ = {
			isa = PBXGroup;
			children = (
				B513A1F22A066405009F194D /* Types.h */,
				B5181AB829FB9B8C00ACC9AC /* DataTool.h */,
				B5181AB929FB9B8C00ACC9AC /* DataTool.m */,
			);
			path = Tools;
			sourceTree = "<group>";
		};
		B5181ABD29FBC27500ACC9AC /* Others */ = {
			isa = PBXGroup;
			children = (
				B5181AC129FBC27500ACC9AC /* main.m */,
				B5181ABE29FBC27500ACC9AC /* AppDelegate.h */,
				B5181AC229FBC27500ACC9AC /* AppDelegate.m */,
				B5181AC429FBC27500ACC9AC /* SceneDelegate.h */,
				B5181ABF29FBC27500ACC9AC /* SceneDelegate.m */,
			);
			path = Others;
			sourceTree = "<group>";
		};
		B5181AC529FBC27500ACC9AC /* Controllers */ = {
			isa = PBXGroup;
			children = (
				B5181AC729FBC27500ACC9AC /* BaseVC.h */,
				B5181ACE29FBC27500ACC9AC /* BaseVC.m */,
				B5181AD129FBC27500ACC9AC /* PrinterVC.h */,
				B5181ACA29FBC27500ACC9AC /* PrinterVC.m */,
				B5AD480D29FBFD09006CF1FF /* PrinterVC.xib */,
				B5181AC629FBC27500ACC9AC /* CPCLVC.h */,
				B5181ACC29FBC27500ACC9AC /* CPCLVC.m */,
				B5181ADD29FBC2B300ACC9AC /* CPCLVC.xib */,
				B5181AC929FBC27500ACC9AC /* ESCVC.h */,
				B5181AD029FBC27500ACC9AC /* ESCVC.m */,
				B5181ACD29FBC27500ACC9AC /* ESCVC.xib */,
				B5181ACF29FBC27500ACC9AC /* TSPLVC.h */,
				B5181AC829FBC27500ACC9AC /* TSPLVC.m */,
				B5181ACB29FBC27500ACC9AC /* TSPLVC.xib */,
			);
			path = Controllers;
			sourceTree = "<group>";
		};
		B5E340A229EE589C00DBA133 /* Files */ = {
			isa = PBXGroup;
			children = (
				B54B851F2A14A21B00B32288 /* qmsht.jpg */,
				B54B85212A14B0B800B32288 /* miandan.jpg */,
				B55442D72A132CF600129E53 /* TestA4.jpg */,
				B5E340A329EE589C00DBA133 /* unititled.jpg */,
				B5E340A429EE589C00DBA133 /* stamp.jpg */,
			);
			path = Files;
			sourceTree = "<group>";
		};
/* End PBXGroup section */

/* Begin PBXNativeTarget section */
		2497E6F8292B803C00CBEDAB /* BleDemo */ = {
			isa = PBXNativeTarget;
			buildConfigurationList = 2497E728292B803D00CBEDAB /* Build configuration list for PBXNativeTarget "BleDemo" */;
			buildPhases = (
				0935386E86FACAA5C920C116 /* [CP] Check Pods Manifest.lock */,
				2497E6F5292B803C00CBEDAB /* Sources */,
				2497E6F6292B803C00CBEDAB /* Frameworks */,
				2497E6F7292B803C00CBEDAB /* Resources */,
				2497E735292B81E800CBEDAB /* Embed Frameworks */,
				B528823E62CCFFF61E728388 /* [CP] Embed Pods Frameworks */,
			);
			buildRules = (
			);
			dependencies = (
			);
			name = BleDemo;
			productName = BleDemo;
			productReference = 2497E6F9292B803C00CBEDAB /* BleDemo.app */;
			productType = "com.apple.product-type.application";
		};
		2497E713292B803D00CBEDAB /* BleDemoTests */ = {
			isa = PBXNativeTarget;
			buildConfigurationList = 2497E72B292B803D00CBEDAB /* Build configuration list for PBXNativeTarget "BleDemoTests" */;
			buildPhases = (
				7AD9D4A0EDB14A8E5C37EB27 /* [CP] Check Pods Manifest.lock */,
				2497E710292B803D00CBEDAB /* Sources */,
				2497E711292B803D00CBEDAB /* Frameworks */,
				2497E712292B803D00CBEDAB /* Resources */,
			);
			buildRules = (
			);
			dependencies = (
				2497E716292B803D00CBEDAB /* PBXTargetDependency */,
			);
			name = BleDemoTests;
			productName = BleDemoTests;
			productReference = 2497E714292B803D00CBEDAB /* BleDemoTests.xctest */;
			productType = "com.apple.product-type.bundle.unit-test";
		};
		2497E71D292B803D00CBEDAB /* BleDemoUITests */ = {
			isa = PBXNativeTarget;
			buildConfigurationList = 2497E72E292B803D00CBEDAB /* Build configuration list for PBXNativeTarget "BleDemoUITests" */;
			buildPhases = (
				9E72442CA628ED309C2E4EF3 /* [CP] Check Pods Manifest.lock */,
				2497E71A292B803D00CBEDAB /* Sources */,
				2497E71B292B803D00CBEDAB /* Frameworks */,
				2497E71C292B803D00CBEDAB /* Resources */,
				7C209380B3BADC2153825F42 /* [CP] Embed Pods Frameworks */,
			);
			buildRules = (
			);
			dependencies = (
				2497E720292B803D00CBEDAB /* PBXTargetDependency */,
			);
			name = BleDemoUITests;
			productName = BleDemoUITests;
			productReference = 2497E71E292B803D00CBEDAB /* BleDemoUITests.xctest */;
			productType = "com.apple.product-type.bundle.ui-testing";
		};
/* End PBXNativeTarget section */

/* Begin PBXProject section */
		2497E6F1292B803C00CBEDAB /* Project object */ = {
			isa = PBXProject;
			attributes = {
				BuildIndependentTargetsInParallel = 1;
				LastUpgradeCheck = 1400;
				TargetAttributes = {
					2497E6F8292B803C00CBEDAB = {
						CreatedOnToolsVersion = 14.0;
					};
					2497E713292B803D00CBEDAB = {
						CreatedOnToolsVersion = 14.0;
						TestTargetID = 2497E6F8292B803C00CBEDAB;
					};
					2497E71D292B803D00CBEDAB = {
						CreatedOnToolsVersion = 14.0;
						TestTargetID = 2497E6F8292B803C00CBEDAB;
					};
				};
			};
			buildConfigurationList = 2497E6F4292B803C00CBEDAB /* Build configuration list for PBXProject "BleDemo" */;
			compatibilityVersion = "Xcode 14.0";
			developmentRegion = en;
			hasScannedForEncodings = 0;
			knownRegions = (
				en,
				Base,
				"zh-Hans",
			);
			mainGroup = 2497E6F0292B803C00CBEDAB;
			productRefGroup = 2497E6FA292B803C00CBEDAB /* Products */;
			projectDirPath = "";
			projectRoot = "";
			targets = (
				2497E6F8292B803C00CBEDAB /* BleDemo */,
				2497E713292B803D00CBEDAB /* BleDemoTests */,
				2497E71D292B803D00CBEDAB /* BleDemoUITests */,
			);
		};
/* End PBXProject section */

/* Begin PBXResourcesBuildPhase section */
		2497E6F7292B803C00CBEDAB /* Resources */ = {
			isa = PBXResourcesBuildPhase;
			buildActionMask = 2147483647;
			files = (
				B5E340A529EE589C00DBA133 /* unititled.jpg in Resources */,
				B54B85202A14A21C00B32288 /* qmsht.jpg in Resources */,
				B54B85222A14B0B800B32288 /* miandan.jpg in Resources */,
				B5E340A629EE589C00DBA133 /* stamp.jpg in Resources */,
				B55442D82A132CF600129E53 /* TestA4.jpg in Resources */,
				2497E70C292B803D00CBEDAB /* LaunchScreen.storyboard in Resources */,
				249AFC3C2995EB4D009274A1 /* Localizable.strings in Resources */,
				B5181ADA29FBC27500ACC9AC /* ESCVC.xib in Resources */,
				B5181AD829FBC27500ACC9AC /* TSPLVC.xib in Resources */,
				B5181ADE29FBC2B300ACC9AC /* CPCLVC.xib in Resources */,
				2497E709292B803D00CBEDAB /* Assets.xcassets in Resources */,
				B5AD480E29FBFD09006CF1FF /* PrinterVC.xib in Resources */,
			);
			runOnlyForDeploymentPostprocessing = 0;
		};
		2497E712292B803D00CBEDAB /* Resources */ = {
			isa = PBXResourcesBuildPhase;
			buildActionMask = 2147483647;
			files = (
			);
			runOnlyForDeploymentPostprocessing = 0;
		};
		2497E71C292B803D00CBEDAB /* Resources */ = {
			isa = PBXResourcesBuildPhase;
			buildActionMask = 2147483647;
			files = (
			);
			runOnlyForDeploymentPostprocessing = 0;
		};
/* End PBXResourcesBuildPhase section */

/* Begin PBXShellScriptBuildPhase section */
		0935386E86FACAA5C920C116 /* [CP] Check Pods Manifest.lock */ = {
			isa = PBXShellScriptBuildPhase;
			buildActionMask = 2147483647;
			files = (
			);
			inputFileListPaths = (
			);
			inputPaths = (
				"${PODS_PODFILE_DIR_PATH}/Podfile.lock",
				"${PODS_ROOT}/Manifest.lock",
			);
			name = "[CP] Check Pods Manifest.lock";
			outputFileListPaths = (
			);
			outputPaths = (
				"$(DERIVED_FILE_DIR)/Pods-BleDemo-checkManifestLockResult.txt",
			);
			runOnlyForDeploymentPostprocessing = 0;
			shellPath = /bin/sh;
			shellScript = "diff \"${PODS_PODFILE_DIR_PATH}/Podfile.lock\" \"${PODS_ROOT}/Manifest.lock\" > /dev/null\nif [ $? != 0 ] ; then\n    # print error to STDERR\n    echo \"error: The sandbox is not in sync with the Podfile.lock. Run 'pod install' or update your CocoaPods installation.\" >&2\n    exit 1\nfi\n# This output is used by Xcode 'outputs' to avoid re-running this script phase.\necho \"SUCCESS\" > \"${SCRIPT_OUTPUT_FILE_0}\"\n";
			showEnvVarsInLog = 0;
		};
		7AD9D4A0EDB14A8E5C37EB27 /* [CP] Check Pods Manifest.lock */ = {
			isa = PBXShellScriptBuildPhase;
			buildActionMask = 2147483647;
			files = (
			);
			inputFileListPaths = (
			);
			inputPaths = (
				"${PODS_PODFILE_DIR_PATH}/Podfile.lock",
				"${PODS_ROOT}/Manifest.lock",
			);
			name = "[CP] Check Pods Manifest.lock";
			outputFileListPaths = (
			);
			outputPaths = (
				"$(DERIVED_FILE_DIR)/Pods-BleDemoTests-checkManifestLockResult.txt",
			);
			runOnlyForDeploymentPostprocessing = 0;
			shellPath = /bin/sh;
			shellScript = "diff \"${PODS_PODFILE_DIR_PATH}/Podfile.lock\" \"${PODS_ROOT}/Manifest.lock\" > /dev/null\nif [ $? != 0 ] ; then\n    # print error to STDERR\n    echo \"error: The sandbox is not in sync with the Podfile.lock. Run 'pod install' or update your CocoaPods installation.\" >&2\n    exit 1\nfi\n# This output is used by Xcode 'outputs' to avoid re-running this script phase.\necho \"SUCCESS\" > \"${SCRIPT_OUTPUT_FILE_0}\"\n";
			showEnvVarsInLog = 0;
		};
		7C209380B3BADC2153825F42 /* [CP] Embed Pods Frameworks */ = {
			isa = PBXShellScriptBuildPhase;
			buildActionMask = 2147483647;
			files = (
			);
			inputFileListPaths = (
				"${PODS_ROOT}/Target Support Files/Pods-BleDemo-BleDemoUITests/Pods-BleDemo-BleDemoUITests-frameworks-${CONFIGURATION}-input-files.xcfilelist",
			);
			name = "[CP] Embed Pods Frameworks";
			outputFileListPaths = (
				"${PODS_ROOT}/Target Support Files/Pods-BleDemo-BleDemoUITests/Pods-BleDemo-BleDemoUITests-frameworks-${CONFIGURATION}-output-files.xcfilelist",
			);
			runOnlyForDeploymentPostprocessing = 0;
			shellPath = /bin/sh;
			shellScript = "\"${PODS_ROOT}/Target Support Files/Pods-BleDemo-BleDemoUITests/Pods-BleDemo-BleDemoUITests-frameworks.sh\"\n";
			showEnvVarsInLog = 0;
		};
		9E72442CA628ED309C2E4EF3 /* [CP] Check Pods Manifest.lock */ = {
			isa = PBXShellScriptBuildPhase;
			buildActionMask = 2147483647;
			files = (
			);
			inputFileListPaths = (
			);
			inputPaths = (
				"${PODS_PODFILE_DIR_PATH}/Podfile.lock",
				"${PODS_ROOT}/Manifest.lock",
			);
			name = "[CP] Check Pods Manifest.lock";
			outputFileListPaths = (
			);
			outputPaths = (
				"$(DERIVED_FILE_DIR)/Pods-BleDemo-BleDemoUITests-checkManifestLockResult.txt",
			);
			runOnlyForDeploymentPostprocessing = 0;
			shellPath = /bin/sh;
			shellScript = "diff \"${PODS_PODFILE_DIR_PATH}/Podfile.lock\" \"${PODS_ROOT}/Manifest.lock\" > /dev/null\nif [ $? != 0 ] ; then\n    # print error to STDERR\n    echo \"error: The sandbox is not in sync with the Podfile.lock. Run 'pod install' or update your CocoaPods installation.\" >&2\n    exit 1\nfi\n# This output is used by Xcode 'outputs' to avoid re-running this script phase.\necho \"SUCCESS\" > \"${SCRIPT_OUTPUT_FILE_0}\"\n";
			showEnvVarsInLog = 0;
		};
		B528823E62CCFFF61E728388 /* [CP] Embed Pods Frameworks */ = {
			isa = PBXShellScriptBuildPhase;
			buildActionMask = 2147483647;
			files = (
			);
			inputFileListPaths = (
				"${PODS_ROOT}/Target Support Files/Pods-BleDemo/Pods-BleDemo-frameworks-${CONFIGURATION}-input-files.xcfilelist",
			);
			name = "[CP] Embed Pods Frameworks";
			outputFileListPaths = (
				"${PODS_ROOT}/Target Support Files/Pods-BleDemo/Pods-BleDemo-frameworks-${CONFIGURATION}-output-files.xcfilelist",
			);
			runOnlyForDeploymentPostprocessing = 0;
			shellPath = /bin/sh;
			shellScript = "\"${PODS_ROOT}/Target Support Files/Pods-BleDemo/Pods-BleDemo-frameworks.sh\"\n";
			showEnvVarsInLog = 0;
		};
/* End PBXShellScriptBuildPhase section */

/* Begin PBXSourcesBuildPhase section */
		2497E6F5292B803C00CBEDAB /* Sources */ = {
			isa = PBXSourcesBuildPhase;
			buildActionMask = 2147483647;
			files = (
				B5181AD929FBC27500ACC9AC /* CPCLVC.m in Sources */,
				B5181ADB29FBC27500ACC9AC /* BaseVC.m in Sources */,
				B5181AD629FBC27500ACC9AC /* TSPLVC.m in Sources */,
				B5181AD229FBC27500ACC9AC /* SceneDelegate.m in Sources */,
				B5181ADC29FBC27500ACC9AC /* ESCVC.m in Sources */,
				B5181AD429FBC27500ACC9AC /* AppDelegate.m in Sources */,
				B5181AD729FBC27500ACC9AC /* PrinterVC.m in Sources */,
				B5181ABA29FB9B8C00ACC9AC /* DataTool.m in Sources */,
				B5181AD329FBC27500ACC9AC /* main.m in Sources */,
			);
			runOnlyForDeploymentPostprocessing = 0;
		};
		2497E710292B803D00CBEDAB /* Sources */ = {
			isa = PBXSourcesBuildPhase;
			buildActionMask = 2147483647;
			files = (
				2497E719292B803D00CBEDAB /* BleDemoTests.m in Sources */,
			);
			runOnlyForDeploymentPostprocessing = 0;
		};
		2497E71A292B803D00CBEDAB /* Sources */ = {
			isa = PBXSourcesBuildPhase;
			buildActionMask = 2147483647;
			files = (
				2497E723292B803D00CBEDAB /* BleDemoUITests.m in Sources */,
				2497E725292B803D00CBEDAB /* BleDemoUITestsLaunchTests.m in Sources */,
			);
			runOnlyForDeploymentPostprocessing = 0;
		};
/* End PBXSourcesBuildPhase section */

/* Begin PBXTargetDependency section */
		2497E716292B803D00CBEDAB /* PBXTargetDependency */ = {
			isa = PBXTargetDependency;
			target = 2497E6F8292B803C00CBEDAB /* BleDemo */;
			targetProxy = 2497E715292B803D00CBEDAB /* PBXContainerItemProxy */;
		};
		2497E720292B803D00CBEDAB /* PBXTargetDependency */ = {
			isa = PBXTargetDependency;
			target = 2497E6F8292B803C00CBEDAB /* BleDemo */;
			targetProxy = 2497E71F292B803D00CBEDAB /* PBXContainerItemProxy */;
		};
/* End PBXTargetDependency section */

/* Begin PBXVariantGroup section */
		2497E70A292B803D00CBEDAB /* LaunchScreen.storyboard */ = {
			isa = PBXVariantGroup;
			children = (
				2497E70B292B803D00CBEDAB /* Base */,
				249AFC402995ED14009274A1 /* zh-Hans */,
			);
			name = LaunchScreen.storyboard;
			sourceTree = "<group>";
		};
		249AFC3E2995EB4D009274A1 /* Localizable.strings */ = {
			isa = PBXVariantGroup;
			children = (
				249AFC3D2995EB4D009274A1 /* en */,
				249AFC412995ED14009274A1 /* zh-Hans */,
			);
			name = Localizable.strings;
			sourceTree = "<group>";
		};
/* End PBXVariantGroup section */

/* Begin XCBuildConfiguration section */
		2497E726292B803D00CBEDAB /* Debug */ = {
			isa = XCBuildConfiguration;
			buildSettings = {
				ALWAYS_SEARCH_USER_PATHS = NO;
				CLANG_ANALYZER_LOCALIZABILITY_NONLOCALIZED = YES;
				CLANG_ANALYZER_NONNULL = YES;
				CLANG_ANALYZER_NUMBER_OBJECT_CONVERSION = YES_AGGRESSIVE;
				CLANG_CXX_LANGUAGE_STANDARD = "gnu++20";
				CLANG_ENABLE_MODULES = YES;
				CLANG_ENABLE_OBJC_ARC = YES;
				CLANG_ENABLE_OBJC_WEAK = YES;
				CLANG_WARN_BLOCK_CAPTURE_AUTORELEASING = YES;
				CLANG_WARN_BOOL_CONVERSION = YES;
				CLANG_WARN_COMMA = YES;
				CLANG_WARN_CONSTANT_CONVERSION = YES;
				CLANG_WARN_DEPRECATED_OBJC_IMPLEMENTATIONS = YES;
				CLANG_WARN_DIRECT_OBJC_ISA_USAGE = YES_ERROR;
				CLANG_WARN_DOCUMENTATION_COMMENTS = YES;
				CLANG_WARN_EMPTY_BODY = YES;
				CLANG_WARN_ENUM_CONVERSION = YES;
				CLANG_WARN_INFINITE_RECURSION = YES;
				CLANG_WARN_INT_CONVERSION = YES;
				CLANG_WARN_NON_LITERAL_NULL_CONVERSION = YES;
				CLANG_WARN_OBJC_IMPLICIT_RETAIN_SELF = YES;
				CLANG_WARN_OBJC_LITERAL_CONVERSION = YES;
				CLANG_WARN_OBJC_ROOT_CLASS = YES_ERROR;
				CLANG_WARN_QUOTED_INCLUDE_IN_FRAMEWORK_HEADER = YES;
				CLANG_WARN_RANGE_LOOP_ANALYSIS = YES;
				CLANG_WARN_STRICT_PROTOTYPES = YES;
				CLANG_WARN_SUSPICIOUS_MOVE = YES;
				CLANG_WARN_UNGUARDED_AVAILABILITY = YES_AGGRESSIVE;
				CLANG_WARN_UNREACHABLE_CODE = YES;
				CLANG_WARN__DUPLICATE_METHOD_MATCH = YES;
				COPY_PHASE_STRIP = NO;
				DEBUG_INFORMATION_FORMAT = dwarf;
				ENABLE_STRICT_OBJC_MSGSEND = YES;
				ENABLE_TESTABILITY = YES;
				GCC_C_LANGUAGE_STANDARD = gnu11;
				GCC_DYNAMIC_NO_PIC = NO;
				GCC_NO_COMMON_BLOCKS = YES;
				GCC_OPTIMIZATION_LEVEL = 0;
				GCC_PREPROCESSOR_DEFINITIONS = (
					"DEBUG=1",
					"$(inherited)",
				);
				GCC_WARN_64_TO_32_BIT_CONVERSION = YES;
				GCC_WARN_ABOUT_RETURN_TYPE = YES_ERROR;
				GCC_WARN_UNDECLARED_SELECTOR = YES;
				GCC_WARN_UNINITIALIZED_AUTOS = YES_AGGRESSIVE;
				GCC_WARN_UNUSED_FUNCTION = YES;
				GCC_WARN_UNUSED_VARIABLE = YES;
				IPHONEOS_DEPLOYMENT_TARGET = 13.0;
				MTL_ENABLE_DEBUG_INFO = INCLUDE_SOURCE;
				MTL_FAST_MATH = YES;
				ONLY_ACTIVE_ARCH = YES;
				SDKROOT = iphoneos;
			};
			name = Debug;
		};
		2497E727292B803D00CBEDAB /* Release */ = {
			isa = XCBuildConfiguration;
			buildSettings = {
				ALWAYS_SEARCH_USER_PATHS = NO;
				CLANG_ANALYZER_LOCALIZABILITY_NONLOCALIZED = YES;
				CLANG_ANALYZER_NONNULL = YES;
				CLANG_ANALYZER_NUMBER_OBJECT_CONVERSION = YES_AGGRESSIVE;
				CLANG_CXX_LANGUAGE_STANDARD = "gnu++20";
				CLANG_ENABLE_MODULES = YES;
				CLANG_ENABLE_OBJC_ARC = YES;
				CLANG_ENABLE_OBJC_WEAK = YES;
				CLANG_WARN_BLOCK_CAPTURE_AUTORELEASING = YES;
				CLANG_WARN_BOOL_CONVERSION = YES;
				CLANG_WARN_COMMA = YES;
				CLANG_WARN_CONSTANT_CONVERSION = YES;
				CLANG_WARN_DEPRECATED_OBJC_IMPLEMENTATIONS = YES;
				CLANG_WARN_DIRECT_OBJC_ISA_USAGE = YES_ERROR;
				CLANG_WARN_DOCUMENTATION_COMMENTS = YES;
				CLANG_WARN_EMPTY_BODY = YES;
				CLANG_WARN_ENUM_CONVERSION = YES;
				CLANG_WARN_INFINITE_RECURSION = YES;
				CLANG_WARN_INT_CONVERSION = YES;
				CLANG_WARN_NON_LITERAL_NULL_CONVERSION = YES;
				CLANG_WARN_OBJC_IMPLICIT_RETAIN_SELF = YES;
				CLANG_WARN_OBJC_LITERAL_CONVERSION = YES;
				CLANG_WARN_OBJC_ROOT_CLASS = YES_ERROR;
				CLANG_WARN_QUOTED_INCLUDE_IN_FRAMEWORK_HEADER = YES;
				CLANG_WARN_RANGE_LOOP_ANALYSIS = YES;
				CLANG_WARN_STRICT_PROTOTYPES = YES;
				CLANG_WARN_SUSPICIOUS_MOVE = YES;
				CLANG_WARN_UNGUARDED_AVAILABILITY = YES_AGGRESSIVE;
				CLANG_WARN_UNREACHABLE_CODE = YES;
				CLANG_WARN__DUPLICATE_METHOD_MATCH = YES;
				COPY_PHASE_STRIP = NO;
				DEBUG_INFORMATION_FORMAT = "dwarf-with-dsym";
				ENABLE_NS_ASSERTIONS = NO;
				ENABLE_STRICT_OBJC_MSGSEND = YES;
				GCC_C_LANGUAGE_STANDARD = gnu11;
				GCC_NO_COMMON_BLOCKS = YES;
				GCC_WARN_64_TO_32_BIT_CONVERSION = YES;
				GCC_WARN_ABOUT_RETURN_TYPE = YES_ERROR;
				GCC_WARN_UNDECLARED_SELECTOR = YES;
				GCC_WARN_UNINITIALIZED_AUTOS = YES_AGGRESSIVE;
				GCC_WARN_UNUSED_FUNCTION = YES;
				GCC_WARN_UNUSED_VARIABLE = YES;
				IPHONEOS_DEPLOYMENT_TARGET = 13.0;
				MTL_ENABLE_DEBUG_INFO = NO;
				MTL_FAST_MATH = YES;
				SDKROOT = iphoneos;
				VALIDATE_PRODUCT = YES;
			};
			name = Release;
		};
		2497E729292B803D00CBEDAB /* Debug */ = {
			isa = XCBuildConfiguration;
			baseConfigurationReference = 55B51A26106BEE9F53B6FB51 /* Pods-BleDemo.debug.xcconfig */;
			buildSettings = {
				ASSETCATALOG_COMPILER_APPICON_NAME = AppIcon;
				ASSETCATALOG_COMPILER_GLOBAL_ACCENT_COLOR_NAME = AccentColor;
				CODE_SIGN_STYLE = Automatic;
				CURRENT_PROJECT_VERSION = 1;
				DEVELOPMENT_TEAM = 76F7233WS7;
				FRAMEWORK_SEARCH_PATHS = (
					"$(inherited)",
					"$(PROJECT_DIR)",
					"$(PROJECT_DIR)/BleDemo/Frameworks",
				);
				GENERATE_INFOPLIST_FILE = YES;
				INFOPLIST_FILE = BleDemo/Info.plist;
				INFOPLIST_KEY_LSApplicationCategoryType = "public.app-category.utilities";
				INFOPLIST_KEY_NSBluetoothAlwaysUsageDescription = "The app may frequently use bluetooth to transfer data to peers.";
				INFOPLIST_KEY_NSBluetoothPeripheralUsageDescription = "The app uses bluetooth to transfer data to a neighbouring device.";
				INFOPLIST_KEY_UIApplicationSupportsIndirectInputEvents = YES;
				INFOPLIST_KEY_UILaunchStoryboardName = LaunchScreen;
				INFOPLIST_KEY_UIMainStoryboardFile = "";
				INFOPLIST_KEY_UISupportedInterfaceOrientations = UIInterfaceOrientationPortrait;
				INFOPLIST_KEY_UISupportedInterfaceOrientations_iPad = "UIInterfaceOrientationLandscapeLeft UIInterfaceOrientationLandscapeRight UIInterfaceOrientationPortrait UIInterfaceOrientationPortraitUpsideDown";
				INFOPLIST_KEY_UIUserInterfaceStyle = Light;
				IPHONEOS_DEPLOYMENT_TARGET = 13.0;
				LD_RUNPATH_SEARCH_PATHS = (
					"$(inherited)",
					"@executable_path/Frameworks",
				);
				MARKETING_VERSION = 1.0;
				PRODUCT_BUNDLE_IDENTIFIER = iprt.BleDemo;
				PRODUCT_NAME = "$(TARGET_NAME)";
				SWIFT_EMIT_LOC_STRINGS = YES;
				TARGETED_DEVICE_FAMILY = "1,2";
			};
			name = Debug;
		};
		2497E72A292B803D00CBEDAB /* Release */ = {
			isa = XCBuildConfiguration;
			baseConfigurationReference = 9C95B9C22A66D9E3127AF965 /* Pods-BleDemo.release.xcconfig */;
			buildSettings = {
				ASSETCATALOG_COMPILER_APPICON_NAME = AppIcon;
				ASSETCATALOG_COMPILER_GLOBAL_ACCENT_COLOR_NAME = AccentColor;
				CODE_SIGN_STYLE = Automatic;
				CURRENT_PROJECT_VERSION = 1;
				DEVELOPMENT_TEAM = 76F7233WS7;
				FRAMEWORK_SEARCH_PATHS = (
					"$(inherited)",
					"$(PROJECT_DIR)",
					"$(PROJECT_DIR)/BleDemo/Frameworks",
				);
				GENERATE_INFOPLIST_FILE = YES;
				INFOPLIST_FILE = BleDemo/Info.plist;
				INFOPLIST_KEY_LSApplicationCategoryType = "public.app-category.utilities";
				INFOPLIST_KEY_NSBluetoothAlwaysUsageDescription = "The app may frequently use bluetooth to transfer data to peers.";
				INFOPLIST_KEY_NSBluetoothPeripheralUsageDescription = "The app uses bluetooth to transfer data to a neighbouring device.";
				INFOPLIST_KEY_UIApplicationSupportsIndirectInputEvents = YES;
				INFOPLIST_KEY_UILaunchStoryboardName = LaunchScreen;
				INFOPLIST_KEY_UIMainStoryboardFile = "";
				INFOPLIST_KEY_UISupportedInterfaceOrientations = UIInterfaceOrientationPortrait;
				INFOPLIST_KEY_UISupportedInterfaceOrientations_iPad = "UIInterfaceOrientationLandscapeLeft UIInterfaceOrientationLandscapeRight UIInterfaceOrientationPortrait UIInterfaceOrientationPortraitUpsideDown";
				INFOPLIST_KEY_UIUserInterfaceStyle = Light;
				IPHONEOS_DEPLOYMENT_TARGET = 13.0;
				LD_RUNPATH_SEARCH_PATHS = (
					"$(inherited)",
					"@executable_path/Frameworks",
				);
				MARKETING_VERSION = 1.0;
				PRODUCT_BUNDLE_IDENTIFIER = iprt.BleDemo;
				PRODUCT_NAME = "$(TARGET_NAME)";
				SWIFT_EMIT_LOC_STRINGS = YES;
				TARGETED_DEVICE_FAMILY = "1,2";
			};
			name = Release;
		};
		2497E72C292B803D00CBEDAB /* Debug */ = {
			isa = XCBuildConfiguration;
			baseConfigurationReference = 71949CE0055A040B0E6EF8FB /* Pods-BleDemoTests.debug.xcconfig */;
			buildSettings = {
				BUNDLE_LOADER = "$(TEST_HOST)";
				CODE_SIGN_STYLE = Automatic;
				CURRENT_PROJECT_VERSION = 1;
				DEVELOPMENT_TEAM = 3R57RN28A3;
				GENERATE_INFOPLIST_FILE = YES;
				IPHONEOS_DEPLOYMENT_TARGET = 16.0;
				MARKETING_VERSION = 1.0;
				PRODUCT_BUNDLE_IDENTIFIER = iprt.BleDemoTests;
				PRODUCT_NAME = "$(TARGET_NAME)";
				SWIFT_EMIT_LOC_STRINGS = NO;
				TARGETED_DEVICE_FAMILY = "1,2";
				TEST_HOST = "$(BUILT_PRODUCTS_DIR)/BleDemo.app/$(BUNDLE_EXECUTABLE_FOLDER_PATH)/BleDemo";
			};
			name = Debug;
		};
		2497E72D292B803D00CBEDAB /* Release */ = {
			isa = XCBuildConfiguration;
			baseConfigurationReference = 59FF74E2534A798316B1A1A8 /* Pods-BleDemoTests.release.xcconfig */;
			buildSettings = {
				BUNDLE_LOADER = "$(TEST_HOST)";
				CODE_SIGN_STYLE = Automatic;
				CURRENT_PROJECT_VERSION = 1;
				DEVELOPMENT_TEAM = 3R57RN28A3;
				GENERATE_INFOPLIST_FILE = YES;
				IPHONEOS_DEPLOYMENT_TARGET = 16.0;
				MARKETING_VERSION = 1.0;
				PRODUCT_BUNDLE_IDENTIFIER = iprt.BleDemoTests;
				PRODUCT_NAME = "$(TARGET_NAME)";
				SWIFT_EMIT_LOC_STRINGS = NO;
				TARGETED_DEVICE_FAMILY = "1,2";
				TEST_HOST = "$(BUILT_PRODUCTS_DIR)/BleDemo.app/$(BUNDLE_EXECUTABLE_FOLDER_PATH)/BleDemo";
			};
			name = Release;
		};
		2497E72F292B803D00CBEDAB /* Debug */ = {
			isa = XCBuildConfiguration;
			baseConfigurationReference = 7F5146F0F869FC67C4469CA6 /* Pods-BleDemo-BleDemoUITests.debug.xcconfig */;
			buildSettings = {
				CODE_SIGN_STYLE = Automatic;
				CURRENT_PROJECT_VERSION = 1;
				DEVELOPMENT_TEAM = 3R57RN28A3;
				GENERATE_INFOPLIST_FILE = YES;
				MARKETING_VERSION = 1.0;
				PRODUCT_BUNDLE_IDENTIFIER = iprt.BleDemoUITests;
				PRODUCT_NAME = "$(TARGET_NAME)";
				SWIFT_EMIT_LOC_STRINGS = NO;
				TARGETED_DEVICE_FAMILY = "1,2";
				TEST_TARGET_NAME = BleDemo;
			};
			name = Debug;
		};
		2497E730292B803D00CBEDAB /* Release */ = {
			isa = XCBuildConfiguration;
			baseConfigurationReference = 7896798C4CE1968CBF74CAF7 /* Pods-BleDemo-BleDemoUITests.release.xcconfig */;
			buildSettings = {
				CODE_SIGN_STYLE = Automatic;
				CURRENT_PROJECT_VERSION = 1;
				DEVELOPMENT_TEAM = 3R57RN28A3;
				GENERATE_INFOPLIST_FILE = YES;
				MARKETING_VERSION = 1.0;
				PRODUCT_BUNDLE_IDENTIFIER = iprt.BleDemoUITests;
				PRODUCT_NAME = "$(TARGET_NAME)";
				SWIFT_EMIT_LOC_STRINGS = NO;
				TARGETED_DEVICE_FAMILY = "1,2";
				TEST_TARGET_NAME = BleDemo;
			};
			name = Release;
		};
/* End XCBuildConfiguration section */

/* Begin XCConfigurationList section */
		2497E6F4292B803C00CBEDAB /* Build configuration list for PBXProject "BleDemo" */ = {
			isa = XCConfigurationList;
			buildConfigurations = (
				2497E726292B803D00CBEDAB /* Debug */,
				2497E727292B803D00CBEDAB /* Release */,
			);
			defaultConfigurationIsVisible = 0;
			defaultConfigurationName = Release;
		};
		2497E728292B803D00CBEDAB /* Build configuration list for PBXNativeTarget "BleDemo" */ = {
			isa = XCConfigurationList;
			buildConfigurations = (
				2497E729292B803D00CBEDAB /* Debug */,
				2497E72A292B803D00CBEDAB /* Release */,
			);
			defaultConfigurationIsVisible = 0;
			defaultConfigurationName = Release;
		};
		2497E72B292B803D00CBEDAB /* Build configuration list for PBXNativeTarget "BleDemoTests" */ = {
			isa = XCConfigurationList;
			buildConfigurations = (
				2497E72C292B803D00CBEDAB /* Debug */,
				2497E72D292B803D00CBEDAB /* Release */,
			);
			defaultConfigurationIsVisible = 0;
			defaultConfigurationName = Release;
		};
		2497E72E292B803D00CBEDAB /* Build configuration list for PBXNativeTarget "BleDemoUITests" */ = {
			isa = XCConfigurationList;
			buildConfigurations = (
				2497E72F292B803D00CBEDAB /* Debug */,
				2497E730292B803D00CBEDAB /* Release */,
			);
			defaultConfigurationIsVisible = 0;
			defaultConfigurationName = Release;
		};
/* End XCConfigurationList section */
	};
	rootObject = 2497E6F1292B803C00CBEDAB /* Project object */;
}
