# Generated by pub
# See https://dart.dev/tools/pub/glossary#lockfile
packages:
  adaptive_dialog:
    dependency: "direct main"
    description:
      name: adaptive_dialog
      sha256: "90f38813edd457e499ee773c034dc48659b4cd6d8272546bc7eda9f88b43c836"
      url: "https://pub.dev"
    source: hosted
    version: "1.8.0"
  android_usb_printer:
    dependency: transitive
    description:
      name: android_usb_printer
      sha256: d48eed1eeecaf6c9e456340a4dc9280e250bbe3f3f760504a5bc7a6143d24675
      url: "https://pub.dev"
    source: hosted
    version: "1.0.0+1"
  animations:
    dependency: transitive
    description:
      name: animations
      sha256: ef57563eed3620bd5d75ad96189846aca1e033c0c45fc9a7d26e80ab02b88a70
      url: "https://pub.dev"
    source: hosted
    version: "2.0.8"
  archive:
    dependency: transitive
    description:
      name: archive
      sha256: "2fde1607386ab523f7a36bb3e7edb43bd58e6edaf2ffb29d8a6d578b297fdbbd"
      url: "https://pub.dev"
    source: hosted
    version: "4.0.7"
  async:
    dependency: transitive
    description:
      name: async
      sha256: "947bfcf187f74dbc5e146c9eb9c0f10c9f8b30743e341481c1e2ed3ecc18c20c"
      url: "https://pub.dev"
    source: hosted
    version: "2.11.0"
  ble_plugin:
    dependency: transitive
    description:
      name: ble_plugin
      sha256: "61eafe614af2861d782f9a8a3318c95413252dd0aac510d9fd21d8f485c69cc8"
      url: "https://pub.dev"
    source: hosted
    version: "1.1.0"
  boolean_selector:
    dependency: transitive
    description:
      name: boolean_selector
      sha256: "6cfb5af12253eaf2b368f07bacc5a80d1301a071c73360d746b7f2e32d762c66"
      url: "https://pub.dev"
    source: hosted
    version: "2.1.1"
  characters:
    dependency: transitive
    description:
      name: characters
      sha256: "04a925763edad70e8443c99234dc3328f442e811f1d8fd1a72f1c8ad0f69a605"
      url: "https://pub.dev"
    source: hosted
    version: "1.3.0"
  clock:
    dependency: transitive
    description:
      name: clock
      sha256: cb6d7f03e1de671e34607e909a7213e31d7752be4fb66a86d29fe1eb14bfb5cf
      url: "https://pub.dev"
    source: hosted
    version: "1.1.1"
  collection:
    dependency: transitive
    description:
      name: collection
      sha256: "4a07be6cb69c84d677a6c3096fcf960cc3285a8330b4603e0d463d15d9bd934c"
      url: "https://pub.dev"
    source: hosted
    version: "1.17.1"
  crypto:
    dependency: transitive
    description:
      name: crypto
      sha256: ff625774173754681d66daaf4a448684fb04b78f902da9cb3d308c19cc5e8bab
      url: "https://pub.dev"
    source: hosted
    version: "3.0.3"
  cupertino_icons:
    dependency: "direct main"
    description:
      name: cupertino_icons
      sha256: caac504f942f41dfadcf45229ce8c47065b93919a12739f20d6173a883c5ec73
      url: "https://pub.dev"
    source: hosted
    version: "1.0.2"
  dynamic_color:
    dependency: transitive
    description:
      name: dynamic_color
      sha256: eae98052fa6e2826bdac3dd2e921c6ce2903be15c6b7f8b6d8a5d49b5086298d
      url: "https://pub.dev"
    source: hosted
    version: "1.7.0"
  enough_convert:
    dependency: transitive
    description:
      name: enough_convert
      sha256: c67d85ca21aaa0648f155907362430701db41f7ec8e6501a58ad9cd9d8569d01
      url: "https://pub.dev"
    source: hosted
    version: "1.6.0"
  fake_async:
    dependency: transitive
    description:
      name: fake_async
      sha256: "511392330127add0b769b75a987850d136345d9227c6b94c96a04cf4a391bf78"
      url: "https://pub.dev"
    source: hosted
    version: "1.3.1"
  ffi:
    dependency: transitive
    description:
      name: ffi
      sha256: "7bf0adc28a23d395f19f3f1eb21dd7cfd1dd9f8e1c50051c069122e6853bc878"
      url: "https://pub.dev"
    source: hosted
    version: "2.1.0"
  flutter:
    dependency: "direct main"
    description: flutter
    source: sdk
    version: "0.0.0"
  flutter_blue_plus:
    dependency: transitive
    description:
      name: flutter_blue_plus
      sha256: d2ac9fac56c4b3b08eb68752380e2d45e64c61db629b70e61bb36c95cb65d431
      url: "https://pub.dev"
    source: hosted
    version: "1.34.5"
  flutter_blue_plus_windows:
    dependency: transitive
    description:
      name: flutter_blue_plus_windows
      sha256: c03879620a981e53fde064cade765158d2858e1a4c9514d583e3729e307280b5
      url: "https://pub.dev"
    source: hosted
    version: "1.26.1"
  flutter_bluetooth_serial:
    dependency: transitive
    description:
      name: flutter_bluetooth_serial
      sha256: "85ae82c4099b2b1facdc54e75e1bcfa88dc7f719e55dc886bb0b648cb16636b1"
      url: "https://pub.dev"
    source: hosted
    version: "0.4.0"
  flutter_lints:
    dependency: "direct dev"
    description:
      name: flutter_lints
      sha256: a25a15ebbdfc33ab1cd26c63a6ee519df92338a9c10f122adda92938253bef04
      url: "https://pub.dev"
    source: hosted
    version: "2.0.3"
  flutter_smart_dialog:
    dependency: "direct main"
    description:
      name: flutter_smart_dialog
      sha256: da6368bfeafa2bef4f0c2edf0ecd0f261fedf3aef5a51c15a3e33d8bf3ecd858
      url: "https://pub.dev"
    source: hosted
    version: "4.5.4+2"
  flutter_test:
    dependency: "direct dev"
    description: flutter
    source: sdk
    version: "0.0.0"
  flutter_web_plugins:
    dependency: transitive
    description: flutter
    source: sdk
    version: "0.0.0"
  fluttertoast:
    dependency: "direct main"
    description:
      name: fluttertoast
      sha256: b528e78a4e69957bb8a33d9e8ceaa728801bb7c6ce599e811e49cf6d94d17fef
      url: "https://pub.dev"
    source: hosted
    version: "8.0.9"
  geolocator:
    dependency: "direct main"
    description:
      name: geolocator
      sha256: "5c23f3613f50586c0bbb2b8f970240ae66b3bd992088cf60dd5ee2e6f7dde3a8"
      url: "https://pub.dev"
    source: hosted
    version: "9.0.2"
  geolocator_android:
    dependency: transitive
    description:
      name: geolocator_android
      sha256: "06e37fa32392f69f133e166ef6b358a8b6afddbf4c418fc236988184cc115a49"
      url: "https://pub.dev"
    source: hosted
    version: "4.4.1"
  geolocator_apple:
    dependency: transitive
    description:
      name: geolocator_apple
      sha256: c4ecead17985ede9634f21500072edfcb3dba0ef7b97f8d7bc556d2d722b3ba3
      url: "https://pub.dev"
    source: hosted
    version: "2.3.9"
  geolocator_platform_interface:
    dependency: transitive
    description:
      name: geolocator_platform_interface
      sha256: "386ce3d9cce47838355000070b1d0b13efb5bc430f8ecda7e9238c8409ace012"
      url: "https://pub.dev"
    source: hosted
    version: "4.2.4"
  geolocator_web:
    dependency: transitive
    description:
      name: geolocator_web
      sha256: "102e7da05b48ca6bf0a5bda0010f886b171d1a08059f01bfe02addd0175ebece"
      url: "https://pub.dev"
    source: hosted
    version: "2.2.1"
  geolocator_windows:
    dependency: transitive
    description:
      name: geolocator_windows
      sha256: "4f4218f122a6978d0ad655fa3541eea74c67417440b09f0657238810d5af6bdc"
      url: "https://pub.dev"
    source: hosted
    version: "0.1.3"
  get:
    dependency: "direct main"
    description:
      name: get
      sha256: "2ba20a47c8f1f233bed775ba2dd0d3ac97b4cf32fc17731b3dfc672b06b0e92a"
      url: "https://pub.dev"
    source: hosted
    version: "4.6.5"
  hex:
    dependency: transitive
    description:
      name: hex
      sha256: "4e7cd54e4b59ba026432a6be2dd9d96e4c5205725194997193bf871703b82c4a"
      url: "https://pub.dev"
    source: hosted
    version: "0.2.0"
  image:
    dependency: transitive
    description:
      name: image
      sha256: "4e973fcf4caae1a4be2fa0a13157aa38a8f9cb049db6529aa00b4d71abc4d928"
      url: "https://pub.dev"
    source: hosted
    version: "4.5.4"
  intersperse:
    dependency: transitive
    description:
      name: intersperse
      sha256: "2f8a905c96f6cbba978644a3d5b31b8d86ddc44917662df7d27a61f3df66a576"
      url: "https://pub.dev"
    source: hosted
    version: "2.0.0"
  js:
    dependency: transitive
    description:
      name: js
      sha256: f2c445dce49627136094980615a031419f7f3eb393237e4ecd97ac15dea343f3
      url: "https://pub.dev"
    source: hosted
    version: "0.6.7"
  lints:
    dependency: transitive
    description:
      name: lints
      sha256: "0a217c6c989d21039f1498c3ed9f3ed71b354e69873f13a8dfc3c9fe76f1b452"
      url: "https://pub.dev"
    source: hosted
    version: "2.1.1"
  macos_ui:
    dependency: "direct overridden"
    description:
      path: "."
      ref: dev
      resolved-ref: ef51bfe6dabce1277e21aaf6cb4c7ff61d2040a7
      url: "https://github.com/Mayb3Nots/macos_ui.git"
    source: git
    version: "2.1.0-beta.1"
  macos_window_utils:
    dependency: transitive
    description:
      name: macos_window_utils
      sha256: b5832b9a9df1741d78b76ea77811803fbcc944599b3b41950a9f19e822731023
      url: "https://pub.dev"
    source: hosted
    version: "1.8.1"
  matcher:
    dependency: transitive
    description:
      name: matcher
      sha256: "6501fbd55da300384b768785b83e5ce66991266cec21af89ab9ae7f5ce1c4cbb"
      url: "https://pub.dev"
    source: hosted
    version: "0.12.15"
  material_color_utilities:
    dependency: transitive
    description:
      name: material_color_utilities
      sha256: d92141dc6fe1dad30722f9aa826c7fbc896d021d792f80678280601aff8cf724
      url: "https://pub.dev"
    source: hosted
    version: "0.2.0"
  meta:
    dependency: transitive
    description:
      name: meta
      sha256: "3c74dbf8763d36539f114c799d8a2d87343b5067e9d796ca22b5eb8437090ee3"
      url: "https://pub.dev"
    source: hosted
    version: "1.9.1"
  path:
    dependency: transitive
    description:
      name: path
      sha256: "8829d8a55c13fc0e37127c29fedf290c102f4e40ae94ada574091fe0ff96c917"
      url: "https://pub.dev"
    source: hosted
    version: "1.8.3"
  path_provider:
    dependency: transitive
    description:
      name: path_provider
      sha256: b27217933eeeba8ff24845c34003b003b2b22151de3c908d0e679e8fe1aa078b
      url: "https://pub.dev"
    source: hosted
    version: "2.1.2"
  path_provider_android:
    dependency: transitive
    description:
      name: path_provider_android
      sha256: "477184d672607c0a3bf68fbbf601805f92ef79c82b64b4d6eb318cbca4c48668"
      url: "https://pub.dev"
    source: hosted
    version: "2.2.2"
  path_provider_foundation:
    dependency: transitive
    description:
      name: path_provider_foundation
      sha256: "5a7999be66e000916500be4f15a3633ebceb8302719b47b9cc49ce924125350f"
      url: "https://pub.dev"
    source: hosted
    version: "2.3.2"
  path_provider_linux:
    dependency: transitive
    description:
      name: path_provider_linux
      sha256: f7a1fe3a634fe7734c8d3f2766ad746ae2a2884abe22e241a8b301bf5cac3279
      url: "https://pub.dev"
    source: hosted
    version: "2.2.1"
  path_provider_platform_interface:
    dependency: transitive
    description:
      name: path_provider_platform_interface
      sha256: "88f5779f72ba699763fa3a3b06aa4bf6de76c8e5de842cf6f29e2e06476c2334"
      url: "https://pub.dev"
    source: hosted
    version: "2.1.2"
  path_provider_windows:
    dependency: transitive
    description:
      name: path_provider_windows
      sha256: "8bc9f22eee8690981c22aa7fc602f5c85b497a6fb2ceb35ee5a5e5ed85ad8170"
      url: "https://pub.dev"
    source: hosted
    version: "2.2.1"
  permission_handler:
    dependency: "direct main"
    description:
      name: permission_handler
      sha256: "1b6b3e73f0bcbc856548bbdfb1c33084a401c4f143e220629a9055233d76c331"
      url: "https://pub.dev"
    source: hosted
    version: "10.3.0"
  permission_handler_android:
    dependency: transitive
    description:
      name: permission_handler_android
      sha256: "59c6322171c29df93a22d150ad95f3aa19ed86542eaec409ab2691b8f35f9a47"
      url: "https://pub.dev"
    source: hosted
    version: "10.3.6"
  permission_handler_apple:
    dependency: transitive
    description:
      name: permission_handler_apple
      sha256: "99e220bce3f8877c78e4ace901082fb29fa1b4ebde529ad0932d8d664b34f3f5"
      url: "https://pub.dev"
    source: hosted
    version: "9.1.4"
  permission_handler_platform_interface:
    dependency: transitive
    description:
      name: permission_handler_platform_interface
      sha256: "6760eb5ef34589224771010805bea6054ad28453906936f843a8cc4d3a55c4a4"
      url: "https://pub.dev"
    source: hosted
    version: "3.12.0"
  permission_handler_windows:
    dependency: transitive
    description:
      name: permission_handler_windows
      sha256: cc074aace208760f1eee6aa4fae766b45d947df85bc831cde77009cdb4720098
      url: "https://pub.dev"
    source: hosted
    version: "0.1.3"
  petitparser:
    dependency: transitive
    description:
      name: petitparser
      sha256: cb3798bef7fc021ac45b308f4b51208a152792445cce0448c9a4ba5879dd8750
      url: "https://pub.dev"
    source: hosted
    version: "5.4.0"
  platform:
    dependency: transitive
    description:
      name: platform
      sha256: "12220bb4b65720483f8fa9450b4332347737cf8213dd2840d8b2c823e47243ec"
      url: "https://pub.dev"
    source: hosted
    version: "3.1.4"
  plugin_platform_interface:
    dependency: transitive
    description:
      name: plugin_platform_interface
      sha256: "4820fbfdb9478b1ebae27888254d445073732dae3d6ea81f0b7e06d5dedc3f02"
      url: "https://pub.dev"
    source: hosted
    version: "2.1.8"
  posix:
    dependency: transitive
    description:
      name: posix
      sha256: f0d7856b6ca1887cfa6d1d394056a296ae33489db914e365e2044fdada449e62
      url: "https://pub.dev"
    source: hosted
    version: "6.0.2"
  psdk_bluetooth_ble:
    dependency: "direct main"
    description:
      name: psdk_bluetooth_ble
      sha256: f475ae0416a10667a701a09e06ffb2ce6ebb9060ca46dcb04f7a92b35ea954f0
      url: "https://pub.dev"
    source: hosted
    version: "0.1.3"
  psdk_bluetooth_classic:
    dependency: "direct main"
    description:
      name: psdk_bluetooth_classic
      sha256: "4c6b45c3c816a05d668f89b638b0bff8696842dfaaf342135cf9b524a2bdfd51"
      url: "https://pub.dev"
    source: hosted
    version: "0.1.3"
  psdk_bluetooth_traits:
    dependency: "direct main"
    description:
      name: psdk_bluetooth_traits
      sha256: c1a0c3ec2a831d5b0f93477fd99440069c356a5a42b814ad9a1116f70fba4b0a
      url: "https://pub.dev"
    source: hosted
    version: "0.1.3"
  psdk_bluetooth_windows:
    dependency: "direct main"
    description:
      name: psdk_bluetooth_windows
      sha256: "5c795d24899bfd3cdb807dc065eb33d19824efd94ddcdce135cbcc103ce56581"
      url: "https://pub.dev"
    source: hosted
    version: "0.1.3"
  psdk_device_adapter:
    dependency: "direct main"
    description:
      name: psdk_device_adapter
      sha256: "4fbd3c7f83e25066abd2c300c56aa25dc63b84bfe75a9d66ba0339effaacccbd"
      url: "https://pub.dev"
    source: hosted
    version: "0.1.3"
  psdk_frame_father:
    dependency: "direct main"
    description:
      name: psdk_frame_father
      sha256: a55a577d0fc3069e87e3c53abbcdf502ce0ca5641445722b8fb82bd31d48a95d
      url: "https://pub.dev"
    source: hosted
    version: "0.1.3"
  psdk_fruit_cpcl:
    dependency: "direct main"
    description:
      name: psdk_fruit_cpcl
      sha256: "075d8a8978ca6fc5b5bbb25290f933dcae0f798f420f807d2dd556e067d6642e"
      url: "https://pub.dev"
    source: hosted
    version: "0.1.3"
  psdk_fruit_esc:
    dependency: "direct main"
    description:
      name: psdk_fruit_esc
      sha256: "51f0dbd76b4a0d19c595a79549fc7845ee48be5ecbd09ba21fd599242ea897b8"
      url: "https://pub.dev"
    source: hosted
    version: "0.1.3"
  psdk_fruit_tspl:
    dependency: "direct main"
    description:
      name: psdk_fruit_tspl
      sha256: "63c05dccde091336be733726794a45deae701408eccf09f5cf12aad42260452b"
      url: "https://pub.dev"
    source: hosted
    version: "0.1.3"
  psdk_imageb:
    dependency: transitive
    description:
      name: psdk_imageb
      sha256: bbf297318cac2787e1bbc5f650e80aacaddd34c53aa0a381cc03751defc90836
      url: "https://pub.dev"
    source: hosted
    version: "0.1.3"
  psdk_network:
    dependency: "direct main"
    description:
      name: psdk_network
      sha256: "39b2ac32205d97f4075e2a81efa0b78864795996efd6e6458549d4acbef7349b"
      url: "https://pub.dev"
    source: hosted
    version: "0.1.3"
  psdk_usb_android:
    dependency: "direct main"
    description:
      name: psdk_usb_android
      sha256: b48de9f1d53ea344c64bf481866fec54a51dad2d1712d0eb30c077261f5b7b3d
      url: "https://pub.dev"
    source: hosted
    version: "0.1.3"
  psdk_usb_windows:
    dependency: "direct main"
    description:
      name: psdk_usb_windows
      sha256: e2ac06158ba44999f6dceb1290c1ece081a69493b5769d52e488c8ef89f333fa
      url: "https://pub.dev"
    source: hosted
    version: "0.1.3"
  sky_engine:
    dependency: transitive
    description: flutter
    source: sdk
    version: "0.0.99"
  source_span:
    dependency: transitive
    description:
      name: source_span
      sha256: dd904f795d4b4f3b870833847c461801f6750a9fa8e61ea5ac53f9422b31f250
      url: "https://pub.dev"
    source: hosted
    version: "1.9.1"
  sprintf:
    dependency: transitive
    description:
      name: sprintf
      sha256: "1fc9ffe69d4df602376b52949af107d8f5703b77cda567c4d7d86a0693120f23"
      url: "https://pub.dev"
    source: hosted
    version: "7.0.0"
  stack_trace:
    dependency: transitive
    description:
      name: stack_trace
      sha256: c3c7d8edb15bee7f0f74debd4b9c5f3c2ea86766fe4178eb2a18eb30a0bdaed5
      url: "https://pub.dev"
    source: hosted
    version: "1.11.0"
  stream_channel:
    dependency: transitive
    description:
      name: stream_channel
      sha256: "83615bee9045c1d322bbbd1ba209b7a749c2cbcdcb3fdd1df8eb488b3279c1c8"
      url: "https://pub.dev"
    source: hosted
    version: "2.1.1"
  stream_with_value:
    dependency: transitive
    description:
      name: stream_with_value
      sha256: "483d79bf604fdea5274e31207956b2f624f5f03a506cacf081b65cdfcfa647a6"
      url: "https://pub.dev"
    source: hosted
    version: "0.5.0"
  string_scanner:
    dependency: transitive
    description:
      name: string_scanner
      sha256: "556692adab6cfa87322a115640c11f13cb77b3f076ddcc5d6ae3c20242bedcde"
      url: "https://pub.dev"
    source: hosted
    version: "1.2.0"
  term_glyph:
    dependency: transitive
    description:
      name: term_glyph
      sha256: a29248a84fbb7c79282b40b8c72a1209db169a2e0542bce341da992fe1bc7e84
      url: "https://pub.dev"
    source: hosted
    version: "1.2.1"
  test_api:
    dependency: transitive
    description:
      name: test_api
      sha256: eb6ac1540b26de412b3403a163d919ba86f6a973fe6cc50ae3541b80092fdcfb
      url: "https://pub.dev"
    source: hosted
    version: "0.5.1"
  typed_data:
    dependency: transitive
    description:
      name: typed_data
      sha256: facc8d6582f16042dd49f2463ff1bd6e2c9ef9f3d5da3d9b087e244a7b564b3c
      url: "https://pub.dev"
    source: hosted
    version: "1.3.2"
  uuid:
    dependency: transitive
    description:
      name: uuid
      sha256: "22c94e5ad1e75f9934b766b53c742572ee2677c56bc871d850a57dad0f82127f"
      url: "https://pub.dev"
    source: hosted
    version: "4.2.2"
  vector_math:
    dependency: transitive
    description:
      name: vector_math
      sha256: "80b3257d1492ce4d091729e3a67a60407d227c27241d6927be0130c98e741803"
      url: "https://pub.dev"
    source: hosted
    version: "2.1.4"
  win32:
    dependency: transitive
    description:
      name: win32
      sha256: "5a751eddf9db89b3e5f9d50c20ab8612296e4e8db69009788d6c8b060a84191c"
      url: "https://pub.dev"
    source: hosted
    version: "4.1.4"
  win_ble:
    dependency: transitive
    description:
      name: win_ble
      sha256: "2a867e13c4b355b101fc2c6e2ac85eeebf965db34eca46856f8b478e93b41e96"
      url: "https://pub.dev"
    source: hosted
    version: "1.1.1"
  windows_usb_printer:
    dependency: transitive
    description:
      name: windows_usb_printer
      sha256: "6e147dcd987a9cadda274b4b8f708f73dd6a2bb9c2c4aeeaf31accf03638236a"
      url: "https://pub.dev"
    source: hosted
    version: "0.0.2+4"
  xdg_directories:
    dependency: transitive
    description:
      name: xdg_directories
      sha256: faea9dee56b520b55a566385b84f2e8de55e7496104adada9962e0bd11bcff1d
      url: "https://pub.dev"
    source: hosted
    version: "1.0.4"
  xml:
    dependency: transitive
    description:
      name: xml
      sha256: "5bc72e1e45e941d825fd7468b9b4cc3b9327942649aeb6fc5cdbf135f0a86e84"
      url: "https://pub.dev"
    source: hosted
    version: "6.3.0"
sdks:
  dart: ">=3.0.6 <4.0.0"
  flutter: ">=3.10.0"
